
Microsoft Visual Studio Solution File, Format Version 12.00
# Visual Studio 2012
Project("{FAE04EC0-301F-11D3-BF4B-00C04F79EFBC}") = "Kormetal.Dal", "Kormetal.Dal\Kormetal.Dal.csproj", "{08DA7644-8950-48D6-838E-BE5728F31E64}"
EndProject
Project("{FAE04EC0-301F-11D3-BF4B-00C04F79EFBC}") = "Kormetal.Bll", "Kormetal.Bll\Kormetal.Bll.csproj", "{B5EDC1F5-28E5-45CE-AC7C-834E5910E495}"
EndProject
Project("{FAE04EC0-301F-11D3-BF4B-00C04F79EFBC}") = "Kormetal.Entities", "Kormetal.Entities\Kormetal.Entities.csproj", "{5C710F6C-E0B4-4A52-AA54-7D0F055DC15F}"
EndProject
Project("{FAE04EC0-301F-11D3-BF4B-00C04F79EFBC}") = "Kormetal.Interfaces", "Kormetal.Interfaces\Kormetal.Interfaces.csproj", "{8E47B94D-8350-48C1-8159-1806292B99DD}"
EndProject
Project("{FAE04EC0-301F-11D3-BF4B-00C04F79EFBC}") = "Kormetal.MvcWebUI", "Kormetal.MvcWebUI\Kormetal.MvcWebUI.csproj", "{ECC2C981-6576-48E7-BF02-B7B033843183}"
EndProject
Project("{E24C65DC-7377-472B-9ABA-BC803B73C61A}") = "Kormetal.WcfIISHost", "http://localhost:9643", "{5660A764-A78B-4169-878C-0C0AABFD0782}"
	ProjectSection(WebsiteProperties) = preProject
		UseIISExpress = "true"
		TargetFrameworkMoniker = ".NETFramework,Version%3Dv4.0"
		ProjectReferences = "{1e565a24-dac9-4f34-878f-18f746a5b078}|Kormetal.WcfLibrary.dll;{B5EDC1F5-28E5-45CE-AC7C-834E5910E495}|Kormetal.Bll.dll;{08DA7644-8950-48D6-838E-BE5728F31E64}|Kormetal.Dal.dll;{5C710F6C-E0B4-4A52-AA54-7D0F055DC15F}|Kormetal.Entities.dll;{8E47B94D-8350-48C1-8159-1806292B99DD}|Kormetal.Interfaces.dll;"
		Debug.AspNetCompiler.VirtualPath = "/localhost_9643"
		Debug.AspNetCompiler.PhysicalPath = "Kormetal.WcfIISHost\"
		Debug.AspNetCompiler.TargetPath = "PrecompiledWeb\localhost_9643\"
		Debug.AspNetCompiler.Updateable = "true"
		Debug.AspNetCompiler.ForceOverwrite = "true"
		Debug.AspNetCompiler.FixedNames = "false"
		Debug.AspNetCompiler.Debug = "True"
		Release.AspNetCompiler.VirtualPath = "/localhost_9643"
		Release.AspNetCompiler.PhysicalPath = "Kormetal.WcfIISHost\"
		Release.AspNetCompiler.TargetPath = "PrecompiledWeb\localhost_9643\"
		Release.AspNetCompiler.Updateable = "true"
		Release.AspNetCompiler.ForceOverwrite = "true"
		Release.AspNetCompiler.FixedNames = "false"
		Release.AspNetCompiler.Debug = "False"
		SlnRelativePath = "Kormetal.WcfIISHost\"
		DefaultWebSiteLanguage = "Visual C#"
	EndProjectSection
EndProject
Project("{FAE04EC0-301F-11D3-BF4B-00C04F79EFBC}") = "Kormetal.WcfLibrary", "Kormetal.WcfLibrary\Kormetal.WcfLibrary.csproj", "{1E565A24-DAC9-4F34-878F-18F746A5B078}"
EndProject
Global
	GlobalSection(SolutionConfigurationPlatforms) = preSolution
		Debug|Any CPU = Debug|Any CPU
		Release|Any CPU = Release|Any CPU
	EndGlobalSection
	GlobalSection(ProjectConfigurationPlatforms) = postSolution
		{08DA7644-8950-48D6-838E-BE5728F31E64}.Debug|Any CPU.ActiveCfg = Debug|Any CPU
		{08DA7644-8950-48D6-838E-BE5728F31E64}.Debug|Any CPU.Build.0 = Debug|Any CPU
		{08DA7644-8950-48D6-838E-BE5728F31E64}.Release|Any CPU.ActiveCfg = Release|Any CPU
		{08DA7644-8950-48D6-838E-BE5728F31E64}.Release|Any CPU.Build.0 = Release|Any CPU
		{B5EDC1F5-28E5-45CE-AC7C-834E5910E495}.Debug|Any CPU.ActiveCfg = Debug|Any CPU
		{B5EDC1F5-28E5-45CE-AC7C-834E5910E495}.Debug|Any CPU.Build.0 = Debug|Any CPU
		{B5EDC1F5-28E5-45CE-AC7C-834E5910E495}.Release|Any CPU.ActiveCfg = Release|Any CPU
		{B5EDC1F5-28E5-45CE-AC7C-834E5910E495}.Release|Any CPU.Build.0 = Release|Any CPU
		{5C710F6C-E0B4-4A52-AA54-7D0F055DC15F}.Debug|Any CPU.ActiveCfg = Debug|Any CPU
		{5C710F6C-E0B4-4A52-AA54-7D0F055DC15F}.Debug|Any CPU.Build.0 = Debug|Any CPU
		{5C710F6C-E0B4-4A52-AA54-7D0F055DC15F}.Release|Any CPU.ActiveCfg = Release|Any CPU
		{5C710F6C-E0B4-4A52-AA54-7D0F055DC15F}.Release|Any CPU.Build.0 = Release|Any CPU
		{8E47B94D-8350-48C1-8159-1806292B99DD}.Debug|Any CPU.ActiveCfg = Debug|Any CPU
		{8E47B94D-8350-48C1-8159-1806292B99DD}.Debug|Any CPU.Build.0 = Debug|Any CPU
		{8E47B94D-8350-48C1-8159-1806292B99DD}.Release|Any CPU.ActiveCfg = Release|Any CPU
		{8E47B94D-8350-48C1-8159-1806292B99DD}.Release|Any CPU.Build.0 = Release|Any CPU
		{ECC2C981-6576-48E7-BF02-B7B033843183}.Debug|Any CPU.ActiveCfg = Debug|Any CPU
		{ECC2C981-6576-48E7-BF02-B7B033843183}.Debug|Any CPU.Build.0 = Debug|Any CPU
		{ECC2C981-6576-48E7-BF02-B7B033843183}.Release|Any CPU.ActiveCfg = Release|Any CPU
		{ECC2C981-6576-48E7-BF02-B7B033843183}.Release|Any CPU.Build.0 = Release|Any CPU
		{5660A764-A78B-4169-878C-0C0AABFD0782}.Debug|Any CPU.ActiveCfg = Debug|Any CPU
		{5660A764-A78B-4169-878C-0C0AABFD0782}.Debug|Any CPU.Build.0 = Debug|Any CPU
		{5660A764-A78B-4169-878C-0C0AABFD0782}.Release|Any CPU.ActiveCfg = Debug|Any CPU
		{5660A764-A78B-4169-878C-0C0AABFD0782}.Release|Any CPU.Build.0 = Debug|Any CPU
		{1E565A24-DAC9-4F34-878F-18F746A5B078}.Debug|Any CPU.ActiveCfg = Debug|Any CPU
		{1E565A24-DAC9-4F34-878F-18F746A5B078}.Debug|Any CPU.Build.0 = Debug|Any CPU
		{1E565A24-DAC9-4F34-878F-18F746A5B078}.Release|Any CPU.ActiveCfg = Release|Any CPU
		{1E565A24-DAC9-4F34-878F-18F746A5B078}.Release|Any CPU.Build.0 = Release|Any CPU
	EndGlobalSection
	GlobalSection(SolutionProperties) = preSolution
		HideSolutionNode = FALSE
	EndGlobalSection
EndGlobal
